
Microsoft Visual Studio Solution File, Format Version 12.00
# Visual Studio Version 17
VisualStudioVersion = 17.9.34728.123
MinimumVisualStudioVersion = 10.0.40219.1
Project("{9A19103F-16F7-4668-BE54-9A1E7A4F7556}") = "Kafka.Consumer", "Kafka.Consumer\Kafka.Consumer.csproj", "{2C376B49-813C-434F-BB5C-ED8E767ADB74}"
EndProject
Project("{9A19103F-16F7-4668-BE54-9A1E7A4F7556}") = "Kafka.Producer", "Kafka.Producer\Kafka.Producer.csproj", "{8BBE47BA-171B-4AD1-8D15-F8D5F87E94D4}"
EndProject
Project("{E53339B2-1760-4266-BCC7-CA923CBCF16C}") = "docker-compose", "docker-compose.dcproj", "{545FAEEB-B3D8-4B00-889E-1D3AC01C04BB}"
EndProject
Project("{9A19103F-16F7-4668-BE54-9A1E7A4F7556}") = "Kafka.Consumer2", "Kafka.Consumer2\Kafka.Consumer2.csproj", "{950C9E30-7DF2-4BA3-97D9-D5269E8964D4}"
EndProject
Global
	GlobalSection(SolutionConfigurationPlatforms) = preSolution
		Debug|Any CPU = Debug|Any CPU
		Release|Any CPU = Release|Any CPU
	EndGlobalSection
	GlobalSection(ProjectConfigurationPlatforms) = postSolution
		{2C376B49-813C-434F-BB5C-ED8E767ADB74}.Debug|Any CPU.ActiveCfg = Debug|Any CPU
		{2C376B49-813C-434F-BB5C-ED8E767ADB74}.Debug|Any CPU.Build.0 = Debug|Any CPU
		{2C376B49-813C-434F-BB5C-ED8E767ADB74}.Release|Any CPU.ActiveCfg = Release|Any CPU
		{2C376B49-813C-434F-BB5C-ED8E767ADB74}.Release|Any CPU.Build.0 = Release|Any CPU
		{8BBE47BA-171B-4AD1-8D15-F8D5F87E94D4}.Debug|Any CPU.ActiveCfg = Debug|Any CPU
		{8BBE47BA-171B-4AD1-8D15-F8D5F87E94D4}.Debug|Any CPU.Build.0 = Debug|Any CPU
		{8BBE47BA-171B-4AD1-8D15-F8D5F87E94D4}.Release|Any CPU.ActiveCfg = Release|Any CPU
		{8BBE47BA-171B-4AD1-8D15-F8D5F87E94D4}.Release|Any CPU.Build.0 = Release|Any CPU
		{545FAEEB-B3D8-4B00-889E-1D3AC01C04BB}.Debug|Any CPU.ActiveCfg = Debug|Any CPU
		{545FAEEB-B3D8-4B00-889E-1D3AC01C04BB}.Debug|Any CPU.Build.0 = Debug|Any CPU
		{545FAEEB-B3D8-4B00-889E-1D3AC01C04BB}.Release|Any CPU.ActiveCfg = Release|Any CPU
		{545FAEEB-B3D8-4B00-889E-1D3AC01C04BB}.Release|Any CPU.Build.0 = Release|Any CPU
		{950C9E30-7DF2-4BA3-97D9-D5269E8964D4}.Debug|Any CPU.ActiveCfg = Debug|Any CPU
		{950C9E30-7DF2-4BA3-97D9-D5269E8964D4}.Debug|Any CPU.Build.0 = Debug|Any CPU
		{950C9E30-7DF2-4BA3-97D9-D5269E8964D4}.Release|Any CPU.ActiveCfg = Release|Any CPU
		{950C9E30-7DF2-4BA3-97D9-D5269E8964D4}.Release|Any CPU.Build.0 = Release|Any CPU
	EndGlobalSection
	GlobalSection(SolutionProperties) = preSolution
		HideSolutionNode = FALSE
	EndGlobalSection
	GlobalSection(ExtensibilityGlobals) = postSolution
		SolutionGuid = {8A620B6E-CBDB-4A03-816B-5C2332ABE4F0}
	EndGlobalSection
EndGlobal
